PODS:
  - EarlGrey (1.15.0)
  - SnapKit (4.0.1)

DEPENDENCIES:
  - EarlGrey (~> 1.15)
  - SnapKit (~> 4.0.0)

SPEC REPOS:
  https://github.com/cocoapods/specs.git:
    - EarlGrey
    - SnapKit

SPEC CHECKSUMS:
  EarlGrey: 289a16cc7d08a54b962d72881b21e36d5103b549
  SnapKit: 0de968a9fec17499afa29683b05d0c775b6d1c29

PODFILE CHECKSUM: 2d14de417e7c3f183ff0d09abad41059d318f544

COCOAPODS: 1.6.1
