// !$*UTF8*$!
{
	archiveVersion = 1;
	classes = {
	};
	objectVersion = 50;
	objects = {

/* Begin PBXBuildFile section */
		02046A11223CC5240069F4EB /* AutoLayoutWihtSnapkitTestsUI.swift in Sources */ = {isa = PBXBuildFile; fileRef = 02046A10223CC5240069F4EB /* AutoLayoutWihtSnapkitTestsUI.swift */; };
		023781DF223C5126004613E0 /* AppDelegate.swift in Sources */ = {isa = PBXBuildFile; fileRef = 023781DE223C5126004613E0 /* AppDelegate.swift */; };
		023781E1223C5126004613E0 /* ViewController.swift in Sources */ = {isa = PBXBuildFile; fileRef = 023781E0223C5126004613E0 /* ViewController.swift */; };
		023781E4223C5126004613E0 /* Main.storyboard in Resources */ = {isa = PBXBuildFile; fileRef = 023781E2223C5126004613E0 /* Main.storyboard */; };
		023781E6223C5127004613E0 /* Assets.xcassets in Resources */ = {isa = PBXBuildFile; fileRef = 023781E5223C5127004613E0 /* Assets.xcassets */; };
		023781E9223C5127004613E0 /* LaunchScreen.storyboard in Resources */ = {isa = PBXBuildFile; fileRef = 023781E7223C5127004613E0 /* LaunchScreen.storyboard */; };
		023781F4223C5127004613E0 /* AutoLayoutWihtSnapkitTests.swift in Sources */ = {isa = PBXBuildFile; fileRef = 023781F3223C5127004613E0 /* AutoLayoutWihtSnapkitTests.swift */; };
		02F7F81E223CCE0800279CD4 /* EarlGrey.swift in Sources */ = {isa = PBXBuildFile; fileRef = 02F7F81D223CCE0800279CD4 /* EarlGrey.swift */; };
		02F7F823223CD46600279CD4 /* HomePage.swift in Sources */ = {isa = PBXBuildFile; fileRef = 02F7F822223CD46600279CD4 /* HomePage.swift */; };
		02F7F826223CDE6500279CD4 /* ElementsAccessibilityIdentifier.swift in Sources */ = {isa = PBXBuildFile; fileRef = 02F7F825223CDE6500279CD4 /* ElementsAccessibilityIdentifier.swift */; };
		02F7F827223CDE6500279CD4 /* ElementsAccessibilityIdentifier.swift in Sources */ = {isa = PBXBuildFile; fileRef = 02F7F825223CDE6500279CD4 /* ElementsAccessibilityIdentifier.swift */; };
		1F95C90C10398D8ECB5AEA9B /* Pods_AutoLayoutWihtSnapkitTestsUI.framework in Frameworks */ = {isa = PBXBuildFile; fileRef = 855FBFB8E33AEEDA5D78D478 /* Pods_AutoLayoutWihtSnapkitTestsUI.framework */; };
		3210A466B949D519A8F2BBD0 /* Pods_AutoLayoutWihtSnapkit.framework in Frameworks */ = {isa = PBXBuildFile; fileRef = DCA22E493612D5CEC52E5810 /* Pods_AutoLayoutWihtSnapkit.framework */; };
		D7AF5FC4DD0F88FE20A77BC2 /* Pods_AutoLayoutWihtSnapkitTests.framework in Frameworks */ = {isa = PBXBuildFile; fileRef = 60E8DEDDE93E5DA01FEAE7C4 /* Pods_AutoLayoutWihtSnapkitTests.framework */; };
/* End PBXBuildFile section */

/* Begin PBXContainerItemProxy section */
		02046A13223CC5240069F4EB /* PBXContainerItemProxy */ = {
			isa = PBXContainerItemProxy;
			containerPortal = 023781D3223C5126004613E0 /* Project object */;
			proxyType = 1;
			remoteGlobalIDString = 023781DA223C5126004613E0;
			remoteInfo = AutoLayoutWihtSnapkit;
		};
		023781F0223C5127004613E0 /* PBXContainerItemProxy */ = {
			isa = PBXContainerItemProxy;
			containerPortal = 023781D3223C5126004613E0 /* Project object */;
			proxyType = 1;
			remoteGlobalIDString = 023781DA223C5126004613E0;
			remoteInfo = AutoLayoutWihtSnapkit;
		};
/* End PBXContainerItemProxy section */

/* Begin PBXFileReference section */
		02046A0E223CC5240069F4EB /* AutoLayoutWihtSnapkitTestsUI.xctest */ = {isa = PBXFileReference; explicitFileType = wrapper.cfbundle; includeInIndex = 0; path = AutoLayoutWihtSnapkitTestsUI.xctest; sourceTree = BUILT_PRODUCTS_DIR; };
		02046A10223CC5240069F4EB /* AutoLayoutWihtSnapkitTestsUI.swift */ = {isa = PBXFileReference; lastKnownFileType = sourcecode.swift; path = AutoLayoutWihtSnapkitTestsUI.swift; sourceTree = "<group>"; };
		02046A12223CC5240069F4EB /* Info.plist */ = {isa = PBXFileReference; lastKnownFileType = text.plist.xml; path = Info.plist; sourceTree = "<group>"; };
		023781DB223C5126004613E0 /* AutoLayoutWihtSnapkit.app */ = {isa = PBXFileReference; explicitFileType = wrapper.application; includeInIndex = 0; path = AutoLayoutWihtSnapkit.app; sourceTree = BUILT_PRODUCTS_DIR; };
		023781DE223C5126004613E0 /* AppDelegate.swift */ = {isa = PBXFileReference; lastKnownFileType = sourcecode.swift; path = AppDelegate.swift; sourceTree = "<group>"; };
		023781E0223C5126004613E0 /* ViewController.swift */ = {isa = PBXFileReference; lastKnownFileType = sourcecode.swift; path = ViewController.swift; sourceTree = "<group>"; };
		023781E3223C5126004613E0 /* Base */ = {isa = PBXFileReference; lastKnownFileType = file.storyboard; name = Base; path = Base.lproj/Main.storyboard; sourceTree = "<group>"; };
		023781E5223C5127004613E0 /* Assets.xcassets */ = {isa = PBXFileReference; lastKnownFileType = folder.assetcatalog; path = Assets.xcassets; sourceTree = "<group>"; };
		023781E8223C5127004613E0 /* Base */ = {isa = PBXFileReference; lastKnownFileType = file.storyboard; name = Base; path = Base.lproj/LaunchScreen.storyboard; sourceTree = "<group>"; };
		023781EA223C5127004613E0 /* Info.plist */ = {isa = PBXFileReference; lastKnownFileType = text.plist.xml; path = Info.plist; sourceTree = "<group>"; };
		023781EF223C5127004613E0 /* AutoLayoutWihtSnapkitTests.xctest */ = {isa = PBXFileReference; explicitFileType = wrapper.cfbundle; includeInIndex = 0; path = AutoLayoutWihtSnapkitTests.xctest; sourceTree = BUILT_PRODUCTS_DIR; };
		023781F3223C5127004613E0 /* AutoLayoutWihtSnapkitTests.swift */ = {isa = PBXFileReference; lastKnownFileType = sourcecode.swift; path = AutoLayoutWihtSnapkitTests.swift; sourceTree = "<group>"; };
		023781F5223C5127004613E0 /* Info.plist */ = {isa = PBXFileReference; lastKnownFileType = text.plist.xml; path = Info.plist; sourceTree = "<group>"; };
		02F7F81D223CCE0800279CD4 /* EarlGrey.swift */ = {isa = PBXFileReference; lastKnownFileType = sourcecode.swift; path = EarlGrey.swift; sourceTree = "<group>"; };
		02F7F822223CD46600279CD4 /* HomePage.swift */ = {isa = PBXFileReference; lastKnownFileType = sourcecode.swift; path = HomePage.swift; sourceTree = "<group>"; };
		02F7F825223CDE6500279CD4 /* ElementsAccessibilityIdentifier.swift */ = {isa = PBXFileReference; lastKnownFileType = sourcecode.swift; path = ElementsAccessibilityIdentifier.swift; sourceTree = "<group>"; };
		17189739B39454A842BDEAF5 /* Pods-AutoLayoutWihtSnapkitTests.debug.xcconfig */ = {isa = PBXFileReference; includeInIndex = 1; lastKnownFileType = text.xcconfig; name = "Pods-AutoLayoutWihtSnapkitTests.debug.xcconfig"; path = "Target Support Files/Pods-AutoLayoutWihtSnapkitTests/Pods-AutoLayoutWihtSnapkitTests.debug.xcconfig"; sourceTree = "<group>"; };
		2F20F7119DB853AB9B36EB67 /* Pods-AutoLayoutWihtSnapkit.release.xcconfig */ = {isa = PBXFileReference; includeInIndex = 1; lastKnownFileType = text.xcconfig; name = "Pods-AutoLayoutWihtSnapkit.release.xcconfig"; path = "Target Support Files/Pods-AutoLayoutWihtSnapkit/Pods-AutoLayoutWihtSnapkit.release.xcconfig"; sourceTree = "<group>"; };
		60E8DEDDE93E5DA01FEAE7C4 /* Pods_AutoLayoutWihtSnapkitTests.framework */ = {isa = PBXFileReference; explicitFileType = wrapper.framework; includeInIndex = 0; path = Pods_AutoLayoutWihtSnapkitTests.framework; sourceTree = BUILT_PRODUCTS_DIR; };
		66545FE9B39B351024E9424B /* Pods-AutoLayoutWihtSnapkitTestsUI.debug.xcconfig */ = {isa = PBXFileReference; includeInIndex = 1; lastKnownFileType = text.xcconfig; name = "Pods-AutoLayoutWihtSnapkitTestsUI.debug.xcconfig"; path = "Target Support Files/Pods-AutoLayoutWihtSnapkitTestsUI/Pods-AutoLayoutWihtSnapkitTestsUI.debug.xcconfig"; sourceTree = "<group>"; };
		855FBFB8E33AEEDA5D78D478 /* Pods_AutoLayoutWihtSnapkitTestsUI.framework */ = {isa = PBXFileReference; explicitFileType = wrapper.framework; includeInIndex = 0; path = Pods_AutoLayoutWihtSnapkitTestsUI.framework; sourceTree = BUILT_PRODUCTS_DIR; };
		903249F2847DF379EC4279AA /* Pods_AutoLayoutWihtSnapkitUITests.framework */ = {isa = PBXFileReference; explicitFileType = wrapper.framework; includeInIndex = 0; path = Pods_AutoLayoutWihtSnapkitUITests.framework; sourceTree = BUILT_PRODUCTS_DIR; };
		94939CDAE760A20895393694 /* Pods-AutoLayoutWihtSnapkit.debug.xcconfig */ = {isa = PBXFileReference; includeInIndex = 1; lastKnownFileType = text.xcconfig; name = "Pods-AutoLayoutWihtSnapkit.debug.xcconfig"; path = "Target Support Files/Pods-AutoLayoutWihtSnapkit/Pods-AutoLayoutWihtSnapkit.debug.xcconfig"; sourceTree = "<group>"; };
		B55A4758A00B3295D70A9E65 /* Pods-AutoLayoutWihtSnapkitTestsUI.release.xcconfig */ = {isa = PBXFileReference; includeInIndex = 1; lastKnownFileType = text.xcconfig; name = "Pods-AutoLayoutWihtSnapkitTestsUI.release.xcconfig"; path = "Target Support Files/Pods-AutoLayoutWihtSnapkitTestsUI/Pods-AutoLayoutWihtSnapkitTestsUI.release.xcconfig"; sourceTree = "<group>"; };
		D3301D9688121653AD5F1938 /* Pods-AutoLayoutWihtSnapkitTests.release.xcconfig */ = {isa = PBXFileReference; includeInIndex = 1; lastKnownFileType = text.xcconfig; name = "Pods-AutoLayoutWihtSnapkitTests.release.xcconfig"; path = "Target Support Files/Pods-AutoLayoutWihtSnapkitTests/Pods-AutoLayoutWihtSnapkitTests.release.xcconfig"; sourceTree = "<group>"; };
		DCA22E493612D5CEC52E5810 /* Pods_AutoLayoutWihtSnapkit.framework */ = {isa = PBXFileReference; explicitFileType = wrapper.framework; includeInIndex = 0; path = Pods_AutoLayoutWihtSnapkit.framework; sourceTree = BUILT_PRODUCTS_DIR; };
/* End PBXFileReference section */

/* Begin PBXFrameworksBuildPhase section */
		02046A0B223CC5240069F4EB /* Frameworks */ = {
			isa = PBXFrameworksBuildPhase;
			buildActionMask = 2147483647;
			files = (
				1F95C90C10398D8ECB5AEA9B /* Pods_AutoLayoutWihtSnapkitTestsUI.framework in Frameworks */,
			);
			runOnlyForDeploymentPostprocessing = 0;
		};
		023781D8223C5126004613E0 /* Frameworks */ = {
			isa = PBXFrameworksBuildPhase;
			buildActionMask = 2147483647;
			files = (
				3210A466B949D519A8F2BBD0 /* Pods_AutoLayoutWihtSnapkit.framework in Frameworks */,
			);
			runOnlyForDeploymentPostprocessing = 0;
		};
		023781EC223C5127004613E0 /* Frameworks */ = {
			isa = PBXFrameworksBuildPhase;
			buildActionMask = 2147483647;
			files = (
				D7AF5FC4DD0F88FE20A77BC2 /* Pods_AutoLayoutWihtSnapkitTests.framework in Frameworks */,
			);
			runOnlyForDeploymentPostprocessing = 0;
		};
/* End PBXFrameworksBuildPhase section */

/* Begin PBXGroup section */
		02046A0F223CC5240069F4EB /* AutoLayoutWihtSnapkitTestsUI */ = {
			isa = PBXGroup;
			children = (
				02F7F821223CD41900279CD4 /* Pages */,
				02046A10223CC5240069F4EB /* AutoLayoutWihtSnapkitTestsUI.swift */,
				02046A12223CC5240069F4EB /* Info.plist */,
				02F7F81D223CCE0800279CD4 /* EarlGrey.swift */,
			);
			path = AutoLayoutWihtSnapkitTestsUI;
			sourceTree = "<group>";
		};
		023781D2223C5126004613E0 = {
			isa = PBXGroup;
			children = (
				023781DD223C5126004613E0 /* AutoLayoutWihtSnapkit */,
				023781F2223C5127004613E0 /* AutoLayoutWihtSnapkitTests */,
				02046A0F223CC5240069F4EB /* AutoLayoutWihtSnapkitTestsUI */,
				023781DC223C5126004613E0 /* Products */,
				E2954A99C7B5CEC02E6370FA /* Pods */,
				B87AA8E5E1A31C931AA382E1 /* Frameworks */,
			);
			sourceTree = "<group>";
		};
		023781DC223C5126004613E0 /* Products */ = {
			isa = PBXGroup;
			children = (
				023781DB223C5126004613E0 /* AutoLayoutWihtSnapkit.app */,
				023781EF223C5127004613E0 /* AutoLayoutWihtSnapkitTests.xctest */,
				02046A0E223CC5240069F4EB /* AutoLayoutWihtSnapkitTestsUI.xctest */,
			);
			name = Products;
			sourceTree = "<group>";
		};
		023781DD223C5126004613E0 /* AutoLayoutWihtSnapkit */ = {
			isa = PBXGroup;
			children = (
				023781DE223C5126004613E0 /* AppDelegate.swift */,
				023781E0223C5126004613E0 /* ViewController.swift */,
				023781E2223C5126004613E0 /* Main.storyboard */,
				023781E5223C5127004613E0 /* Assets.xcassets */,
				023781E7223C5127004613E0 /* LaunchScreen.storyboard */,
				023781EA223C5127004613E0 /* Info.plist */,
				02F7F825223CDE6500279CD4 /* ElementsAccessibilityIdentifier.swift */,
			);
			path = AutoLayoutWihtSnapkit;
			sourceTree = "<group>";
		};
		023781F2223C5127004613E0 /* AutoLayoutWihtSnapkitTests */ = {
			isa = PBXGroup;
			children = (
				023781F3223C5127004613E0 /* AutoLayoutWihtSnapkitTests.swift */,
				023781F5223C5127004613E0 /* Info.plist */,
			);
			path = AutoLayoutWihtSnapkitTests;
			sourceTree = "<group>";
		};
		02F7F821223CD41900279CD4 /* Pages */ = {
			isa = PBXGroup;
			children = (
				02F7F822223CD46600279CD4 /* HomePage.swift */,
			);
			path = Pages;
			sourceTree = "<group>";
		};
		B87AA8E5E1A31C931AA382E1 /* Frameworks */ = {
			isa = PBXGroup;
			children = (
				DCA22E493612D5CEC52E5810 /* Pods_AutoLayoutWihtSnapkit.framework */,
				60E8DEDDE93E5DA01FEAE7C4 /* Pods_AutoLayoutWihtSnapkitTests.framework */,
				903249F2847DF379EC4279AA /* Pods_AutoLayoutWihtSnapkitUITests.framework */,
				855FBFB8E33AEEDA5D78D478 /* Pods_AutoLayoutWihtSnapkitTestsUI.framework */,
			);
			name = Frameworks;
			sourceTree = "<group>";
		};
		E2954A99C7B5CEC02E6370FA /* Pods */ = {
			isa = PBXGroup;
			children = (
				94939CDAE760A20895393694 /* Pods-AutoLayoutWihtSnapkit.debug.xcconfig */,
				2F20F7119DB853AB9B36EB67 /* Pods-AutoLayoutWihtSnapkit.release.xcconfig */,
				17189739B39454A842BDEAF5 /* Pods-AutoLayoutWihtSnapkitTests.debug.xcconfig */,
				D3301D9688121653AD5F1938 /* Pods-AutoLayoutWihtSnapkitTests.release.xcconfig */,
				66545FE9B39B351024E9424B /* Pods-AutoLayoutWihtSnapkitTestsUI.debug.xcconfig */,
				B55A4758A00B3295D70A9E65 /* Pods-AutoLayoutWihtSnapkitTestsUI.release.xcconfig */,
			);
			path = Pods;
			sourceTree = "<group>";
		};
/* End PBXGroup section */

/* Begin PBXNativeTarget section */
		02046A0D223CC5240069F4EB /* AutoLayoutWihtSnapkitTestsUI */ = {
			isa = PBXNativeTarget;
			buildConfigurationList = 02046A17223CC5240069F4EB /* Build configuration list for PBXNativeTarget "AutoLayoutWihtSnapkitTestsUI" */;
			buildPhases = (
				8F7928A5EA83F3250B93DB69 /* [CP] Check Pods Manifest.lock */,
				02046A0A223CC5240069F4EB /* Sources */,
				02046A0B223CC5240069F4EB /* Frameworks */,
				02046A0C223CC5240069F4EB /* Resources */,
				8619C52B589AD8299B4C067B /* [CP] Embed Pods Frameworks */,
			);
			buildRules = (
			);
			dependencies = (
				02046A14223CC5240069F4EB /* PBXTargetDependency */,
			);
			name = AutoLayoutWihtSnapkitTestsUI;
			productName = AutoLayoutWihtSnapkitTestsUI;
			productReference = 02046A0E223CC5240069F4EB /* AutoLayoutWihtSnapkitTestsUI.xctest */;
			productType = "com.apple.product-type.bundle.unit-test";
		};
		023781DA223C5126004613E0 /* AutoLayoutWihtSnapkit */ = {
			isa = PBXNativeTarget;
			buildConfigurationList = 02378203223C5127004613E0 /* Build configuration list for PBXNativeTarget "AutoLayoutWihtSnapkit" */;
			buildPhases = (
				D757D18791E5C464B7A23D2D /* [CP] Check Pods Manifest.lock */,
				023781D7223C5126004613E0 /* Sources */,
				023781D8223C5126004613E0 /* Frameworks */,
				023781D9223C5126004613E0 /* Resources */,
				02B11FE3CCE424A31B327C92 /* [CP] Embed Pods Frameworks */,
			);
			buildRules = (
			);
			dependencies = (
			);
			name = AutoLayoutWihtSnapkit;
			productName = AutoLayoutWihtSnapkit;
			productReference = 023781DB223C5126004613E0 /* AutoLayoutWihtSnapkit.app */;
			productType = "com.apple.product-type.application";
		};
		023781EE223C5127004613E0 /* AutoLayoutWihtSnapkitTests */ = {
			isa = PBXNativeTarget;
			buildConfigurationList = 02378206223C5127004613E0 /* Build configuration list for PBXNativeTarget "AutoLayoutWihtSnapkitTests" */;
			buildPhases = (
				98EF4505BDB8243FA74E4B83 /* [CP] Check Pods Manifest.lock */,
				023781EB223C5127004613E0 /* Sources */,
				023781EC223C5127004613E0 /* Frameworks */,
				023781ED223C5127004613E0 /* Resources */,
			);
			buildRules = (
			);
			dependencies = (
				023781F1223C5127004613E0 /* PBXTargetDependency */,
			);
			name = AutoLayoutWihtSnapkitTests;
			productName = AutoLayoutWihtSnapkitTests;
			productReference = 023781EF223C5127004613E0 /* AutoLayoutWihtSnapkitTests.xctest */;
			productType = "com.apple.product-type.bundle.unit-test";
		};
/* End PBXNativeTarget section */

/* Begin PBXProject section */
		023781D3223C5126004613E0 /* Project object */ = {
			isa = PBXProject;
			attributes = {
				LastSwiftUpdateCheck = 1010;
				LastUpgradeCheck = 1010;
				ORGANIZATIONNAME = "Tony Mu";
				TargetAttributes = {
					02046A0D223CC5240069F4EB = {
						CreatedOnToolsVersion = 10.1;
						TestTargetID = 023781DA223C5126004613E0;
					};
					023781DA223C5126004613E0 = {
						CreatedOnToolsVersion = 10.1;
					};
					023781EE223C5127004613E0 = {
						CreatedOnToolsVersion = 10.1;
						TestTargetID = 023781DA223C5126004613E0;
					};
				};
			};
			buildConfigurationList = 023781D6223C5126004613E0 /* Build configuration list for PBXProject "AutoLayoutWihtSnapkit" */;
			compatibilityVersion = "Xcode 9.3";
			developmentRegion = en;
			hasScannedForEncodings = 0;
			knownRegions = (
				en,
				Base,
			);
			mainGroup = 023781D2223C5126004613E0;
			productRefGroup = 023781DC223C5126004613E0 /* Products */;
			projectDirPath = "";
			projectRoot = "";
			targets = (
				023781DA223C5126004613E0 /* AutoLayoutWihtSnapkit */,
				023781EE223C5127004613E0 /* AutoLayoutWihtSnapkitTests */,
				02046A0D223CC5240069F4EB /* AutoLayoutWihtSnapkitTestsUI */,
			);
		};
/* End PBXProject section */

/* Begin PBXResourcesBuildPhase section */
		02046A0C223CC5240069F4EB /* Resources */ = {
			isa = PBXResourcesBuildPhase;
			buildActionMask = 2147483647;
			files = (
			);
			runOnlyForDeploymentPostprocessing = 0;
		};
		023781D9223C5126004613E0 /* Resources */ = {
			isa = PBXResourcesBuildPhase;
			buildActionMask = 2147483647;
			files = (
				023781E9223C5127004613E0 /* LaunchScreen.storyboard in Resources */,
				023781E6223C5127004613E0 /* Assets.xcassets in Resources */,
				023781E4223C5126004613E0 /* Main.storyboard in Resources */,
			);
			runOnlyForDeploymentPostprocessing = 0;
		};
		023781ED223C5127004613E0 /* Resources */ = {
			isa = PBXResourcesBuildPhase;
			buildActionMask = 2147483647;
			files = (
			);
			runOnlyForDeploymentPostprocessing = 0;
		};
/* End PBXResourcesBuildPhase section */

/* Begin PBXShellScriptBuildPhase section */
		02B11FE3CCE424A31B327C92 /* [CP] Embed Pods Frameworks */ = {
			isa = PBXShellScriptBuildPhase;
			buildActionMask = 2147483647;
			files = (
			);
			inputFileListPaths = (
			);
			inputPaths = (
				"${PODS_ROOT}/Target Support Files/Pods-AutoLayoutWihtSnapkit/Pods-AutoLayoutWihtSnapkit-frameworks.sh",
				"${BUILT_PRODUCTS_DIR}/SnapKit/SnapKit.framework",
			);
			name = "[CP] Embed Pods Frameworks";
			outputFileListPaths = (
			);
			outputPaths = (
				"${TARGET_BUILD_DIR}/${FRAMEWORKS_FOLDER_PATH}/SnapKit.framework",
			);
			runOnlyForDeploymentPostprocessing = 0;
			shellPath = /bin/sh;
			shellScript = "\"${PODS_ROOT}/Target Support Files/Pods-AutoLayoutWihtSnapkit/Pods-AutoLayoutWihtSnapkit-frameworks.sh\"\n";
			showEnvVarsInLog = 0;
		};
		8619C52B589AD8299B4C067B /* [CP] Embed Pods Frameworks */ = {
			isa = PBXShellScriptBuildPhase;
			buildActionMask = 2147483647;
			files = (
			);
			inputFileListPaths = (
			);
			inputPaths = (
				"${PODS_ROOT}/Target Support Files/Pods-AutoLayoutWihtSnapkitTestsUI/Pods-AutoLayoutWihtSnapkitTestsUI-frameworks.sh",
				"${PODS_ROOT}/EarlGrey/EarlGrey/EarlGrey.framework",
			);
			name = "[CP] Embed Pods Frameworks";
			outputFileListPaths = (
			);
			outputPaths = (
				"${TARGET_BUILD_DIR}/${FRAMEWORKS_FOLDER_PATH}/EarlGrey.framework",
			);
			runOnlyForDeploymentPostprocessing = 0;
			shellPath = /bin/sh;
			shellScript = "\"${PODS_ROOT}/Target Support Files/Pods-AutoLayoutWihtSnapkitTestsUI/Pods-AutoLayoutWihtSnapkitTestsUI-frameworks.sh\"\n";
			showEnvVarsInLog = 0;
		};
		8F7928A5EA83F3250B93DB69 /* [CP] Check Pods Manifest.lock */ = {
			isa = PBXShellScriptBuildPhase;
			buildActionMask = 2147483647;
			files = (
			);
			inputFileListPaths = (
			);
			inputPaths = (
				"${PODS_PODFILE_DIR_PATH}/Podfile.lock",
				"${PODS_ROOT}/Manifest.lock",
			);
			name = "[CP] Check Pods Manifest.lock";
			outputFileListPaths = (
			);
			outputPaths = (
				"$(DERIVED_FILE_DIR)/Pods-AutoLayoutWihtSnapkitTestsUI-checkManifestLockResult.txt",
			);
			runOnlyForDeploymentPostprocessing = 0;
			shellPath = /bin/sh;
			shellScript = "diff \"${PODS_PODFILE_DIR_PATH}/Podfile.lock\" \"${PODS_ROOT}/Manifest.lock\" > /dev/null\nif [ $? != 0 ] ; then\n    # print error to STDERR\n    echo \"error: The sandbox is not in sync with the Podfile.lock. Run 'pod install' or update your CocoaPods installation.\" >&2\n    exit 1\nfi\n# This output is used by Xcode 'outputs' to avoid re-running this script phase.\necho \"SUCCESS\" > \"${SCRIPT_OUTPUT_FILE_0}\"\n";
			showEnvVarsInLog = 0;
		};
		98EF4505BDB8243FA74E4B83 /* [CP] Check Pods Manifest.lock */ = {
			isa = PBXShellScriptBuildPhase;
			buildActionMask = 2147483647;
			files = (
			);
			inputFileListPaths = (
			);
			inputPaths = (
				"${PODS_PODFILE_DIR_PATH}/Podfile.lock",
				"${PODS_ROOT}/Manifest.lock",
			);
			name = "[CP] Check Pods Manifest.lock";
			outputFileListPaths = (
			);
			outputPaths = (
				"$(DERIVED_FILE_DIR)/Pods-AutoLayoutWihtSnapkitTests-checkManifestLockResult.txt",
			);
			runOnlyForDeploymentPostprocessing = 0;
			shellPath = /bin/sh;
			shellScript = "diff \"${PODS_PODFILE_DIR_PATH}/Podfile.lock\" \"${PODS_ROOT}/Manifest.lock\" > /dev/null\nif [ $? != 0 ] ; then\n    # print error to STDERR\n    echo \"error: The sandbox is not in sync with the Podfile.lock. Run 'pod install' or update your CocoaPods installation.\" >&2\n    exit 1\nfi\n# This output is used by Xcode 'outputs' to avoid re-running this script phase.\necho \"SUCCESS\" > \"${SCRIPT_OUTPUT_FILE_0}\"\n";
			showEnvVarsInLog = 0;
		};
		D757D18791E5C464B7A23D2D /* [CP] Check Pods Manifest.lock */ = {
			isa = PBXShellScriptBuildPhase;
			buildActionMask = 2147483647;
			files = (
			);
			inputFileListPaths = (
			);
			inputPaths = (
				"${PODS_PODFILE_DIR_PATH}/Podfile.lock",
				"${PODS_ROOT}/Manifest.lock",
			);
			name = "[CP] Check Pods Manifest.lock";
			outputFileListPaths = (
			);
			outputPaths = (
				"$(DERIVED_FILE_DIR)/Pods-AutoLayoutWihtSnapkit-checkManifestLockResult.txt",
			);
			runOnlyForDeploymentPostprocessing = 0;
			shellPath = /bin/sh;
			shellScript = "diff \"${PODS_PODFILE_DIR_PATH}/Podfile.lock\" \"${PODS_ROOT}/Manifest.lock\" > /dev/null\nif [ $? != 0 ] ; then\n    # print error to STDERR\n    echo \"error: The sandbox is not in sync with the Podfile.lock. Run 'pod install' or update your CocoaPods installation.\" >&2\n    exit 1\nfi\n# This output is used by Xcode 'outputs' to avoid re-running this script phase.\necho \"SUCCESS\" > \"${SCRIPT_OUTPUT_FILE_0}\"\n";
			showEnvVarsInLog = 0;
		};
/* End PBXShellScriptBuildPhase section */

/* Begin PBXSourcesBuildPhase section */
		02046A0A223CC5240069F4EB /* Sources */ = {
			isa = PBXSourcesBuildPhase;
			buildActionMask = 2147483647;
			files = (
				02F7F827223CDE6500279CD4 /* ElementsAccessibilityIdentifier.swift in Sources */,
				02F7F81E223CCE0800279CD4 /* EarlGrey.swift in Sources */,
				02F7F823223CD46600279CD4 /* HomePage.swift in Sources */,
				02046A11223CC5240069F4EB /* AutoLayoutWihtSnapkitTestsUI.swift in Sources */,
			);
			runOnlyForDeploymentPostprocessing = 0;
		};
		023781D7223C5126004613E0 /* Sources */ = {
			isa = PBXSourcesBuildPhase;
			buildActionMask = 2147483647;
			files = (
				023781E1223C5126004613E0 /* ViewController.swift in Sources */,
				023781DF223C5126004613E0 /* AppDelegate.swift in Sources */,
				02F7F826223CDE6500279CD4 /* ElementsAccessibilityIdentifier.swift in Sources */,
			);
			runOnlyForDeploymentPostprocessing = 0;
		};
		023781EB223C5127004613E0 /* Sources */ = {
			isa = PBXSourcesBuildPhase;
			buildActionMask = 2147483647;
			files = (
				023781F4223C5127004613E0 /* AutoLayoutWihtSnapkitTests.swift in Sources */,
			);
			runOnlyForDeploymentPostprocessing = 0;
		};
/* End PBXSourcesBuildPhase section */

/* Begin PBXTargetDependency section */
		02046A14223CC5240069F4EB /* PBXTargetDependency */ = {
			isa = PBXTargetDependency;
			target = 023781DA223C5126004613E0 /* AutoLayoutWihtSnapkit */;
			targetProxy = 02046A13223CC5240069F4EB /* PBXContainerItemProxy */;
		};
		023781F1223C5127004613E0 /* PBXTargetDependency */ = {
			isa = PBXTargetDependency;
			target = 023781DA223C5126004613E0 /* AutoLayoutWihtSnapkit */;
			targetProxy = 023781F0223C5127004613E0 /* PBXContainerItemProxy */;
		};
/* End PBXTargetDependency section */

/* Begin PBXVariantGroup section */
		023781E2223C5126004613E0 /* Main.storyboard */ = {
			isa = PBXVariantGroup;
			children = (
				023781E3223C5126004613E0 /* Base */,
			);
			name = Main.storyboard;
			sourceTree = "<group>";
		};
		023781E7223C5127004613E0 /* LaunchScreen.storyboard */ = {
			isa = PBXVariantGroup;
			children = (
				023781E8223C5127004613E0 /* Base */,
			);
			name = LaunchScreen.storyboard;
			sourceTree = "<group>";
		};
/* End PBXVariantGroup section */

/* Begin XCBuildConfiguration section */
		02046A15223CC5240069F4EB /* Debug */ = {
			isa = XCBuildConfiguration;
			baseConfigurationReference = 66545FE9B39B351024E9424B /* Pods-AutoLayoutWihtSnapkitTestsUI.debug.xcconfig */;
			buildSettings = {
				BUNDLE_LOADER = "$(TEST_HOST)";
				CODE_SIGN_STYLE = Automatic;
				INFOPLIST_FILE = AutoLayoutWihtSnapkitTestsUI/Info.plist;
				LD_RUNPATH_SEARCH_PATHS = (
					"$(inherited)",
					"@executable_path/Frameworks",
					"@loader_path/Frameworks",
				);
				PRODUCT_BUNDLE_IDENTIFIER = devwithlove.AutoLayoutWihtSnapkitTestsUI;
				PRODUCT_NAME = "$(TARGET_NAME)";
				SWIFT_VERSION = 4.2;
				TARGETED_DEVICE_FAMILY = "1,2";
				TEST_HOST = "$(BUILT_PRODUCTS_DIR)/AutoLayoutWihtSnapkit.app/AutoLayoutWihtSnapkit";
			};
			name = Debug;
		};
		02046A16223CC5240069F4EB /* Release */ = {
			isa = XCBuildConfiguration;
			baseConfigurationReference = B55A4758A00B3295D70A9E65 /* Pods-AutoLayoutWihtSnapkitTestsUI.release.xcconfig */;
			buildSettings = {
				BUNDLE_LOADER = "$(TEST_HOST)";
				CODE_SIGN_STYLE = Automatic;
				INFOPLIST_FILE = AutoLayoutWihtSnapkitTestsUI/Info.plist;
				LD_RUNPATH_SEARCH_PATHS = (
					"$(inherited)",
					"@executable_path/Frameworks",
					"@loader_path/Frameworks",
				);
				PRODUCT_BUNDLE_IDENTIFIER = devwithlove.AutoLayoutWihtSnapkitTestsUI;
				PRODUCT_NAME = "$(TARGET_NAME)";
				SWIFT_VERSION = 4.2;
				TARGETED_DEVICE_FAMILY = "1,2";
				TEST_HOST = "$(BUILT_PRODUCTS_DIR)/AutoLayoutWihtSnapkit.app/AutoLayoutWihtSnapkit";
			};
			name = Release;
		};
		02378201223C5127004613E0 /* Debug */ = {
			isa = XCBuildConfiguration;
			buildSettings = {
				ALWAYS_SEARCH_USER_PATHS = NO;
				CLANG_ANALYZER_NONNULL = YES;
				CLANG_ANALYZER_NUMBER_OBJECT_CONVERSION = YES_AGGRESSIVE;
				CLANG_CXX_LANGUAGE_STANDARD = "gnu++14";
				CLANG_CXX_LIBRARY = "libc++";
				CLANG_ENABLE_MODULES = YES;
				CLANG_ENABLE_OBJC_ARC = YES;
				CLANG_ENABLE_OBJC_WEAK = YES;
				CLANG_WARN_BLOCK_CAPTURE_AUTORELEASING = YES;
				CLANG_WARN_BOOL_CONVERSION = YES;
				CLANG_WARN_COMMA = YES;
				CLANG_WARN_CONSTANT_CONVERSION = YES;
				CLANG_WARN_DEPRECATED_OBJC_IMPLEMENTATIONS = YES;
				CLANG_WARN_DIRECT_OBJC_ISA_USAGE = YES_ERROR;
				CLANG_WARN_DOCUMENTATION_COMMENTS = YES;
				CLANG_WARN_EMPTY_BODY = YES;
				CLANG_WARN_ENUM_CONVERSION = YES;
				CLANG_WARN_INFINITE_RECURSION = YES;
				CLANG_WARN_INT_CONVERSION = YES;
				CLANG_WARN_NON_LITERAL_NULL_CONVERSION = YES;
				CLANG_WARN_OBJC_IMPLICIT_RETAIN_SELF = YES;
				CLANG_WARN_OBJC_LITERAL_CONVERSION = YES;
				CLANG_WARN_OBJC_ROOT_CLASS = YES_ERROR;
				CLANG_WARN_RANGE_LOOP_ANALYSIS = YES;
				CLANG_WARN_STRICT_PROTOTYPES = YES;
				CLANG_WARN_SUSPICIOUS_MOVE = YES;
				CLANG_WARN_UNGUARDED_AVAILABILITY = YES_AGGRESSIVE;
				CLANG_WARN_UNREACHABLE_CODE = YES;
				CLANG_WARN__DUPLICATE_METHOD_MATCH = YES;
				CODE_SIGN_IDENTITY = "iPhone Developer";
				COPY_PHASE_STRIP = NO;
				DEBUG_INFORMATION_FORMAT = dwarf;
				ENABLE_STRICT_OBJC_MSGSEND = YES;
				ENABLE_TESTABILITY = YES;
				GCC_C_LANGUAGE_STANDARD = gnu11;
				GCC_DYNAMIC_NO_PIC = NO;
				GCC_NO_COMMON_BLOCKS = YES;
				GCC_OPTIMIZATION_LEVEL = 0;
				GCC_PREPROCESSOR_DEFINITIONS = (
					"DEBUG=1",
					"$(inherited)",
				);
				GCC_WARN_64_TO_32_BIT_CONVERSION = YES;
				GCC_WARN_ABOUT_RETURN_TYPE = YES_ERROR;
				GCC_WARN_UNDECLARED_SELECTOR = YES;
				GCC_WARN_UNINITIALIZED_AUTOS = YES_AGGRESSIVE;
				GCC_WARN_UNUSED_FUNCTION = YES;
				GCC_WARN_UNUSED_VARIABLE = YES;
				IPHONEOS_DEPLOYMENT_TARGET = 12.1;
				MTL_ENABLE_DEBUG_INFO = INCLUDE_SOURCE;
				MTL_FAST_MATH = YES;
				ONLY_ACTIVE_ARCH = YES;
				SDKROOT = iphoneos;
				SWIFT_ACTIVE_COMPILATION_CONDITIONS = DEBUG;
				SWIFT_OPTIMIZATION_LEVEL = "-Onone";
			};
			name = Debug;
		};
		02378202223C5127004613E0 /* Release */ = {
			isa = XCBuildConfiguration;
			buildSettings = {
				ALWAYS_SEARCH_USER_PATHS = NO;
				CLANG_ANALYZER_NONNULL = YES;
				CLANG_ANALYZER_NUMBER_OBJECT_CONVERSION = YES_AGGRESSIVE;
				CLANG_CXX_LANGUAGE_STANDARD = "gnu++14";
				CLANG_CXX_LIBRARY = "libc++";
				CLANG_ENABLE_MODULES = YES;
				CLANG_ENABLE_OBJC_ARC = YES;
				CLANG_ENABLE_OBJC_WEAK = YES;
				CLANG_WARN_BLOCK_CAPTURE_AUTORELEASING = YES;
				CLANG_WARN_BOOL_CONVERSION = YES;
				CLANG_WARN_COMMA = YES;
				CLANG_WARN_CONSTANT_CONVERSION = YES;
				CLANG_WARN_DEPRECATED_OBJC_IMPLEMENTATIONS = YES;
				CLANG_WARN_DIRECT_OBJC_ISA_USAGE = YES_ERROR;
				CLANG_WARN_DOCUMENTATION_COMMENTS = YES;
				CLANG_WARN_EMPTY_BODY = YES;
				CLANG_WARN_ENUM_CONVERSION = YES;
				CLANG_WARN_INFINITE_RECURSION = YES;
				CLANG_WARN_INT_CONVERSION = YES;
				CLANG_WARN_NON_LITERAL_NULL_CONVERSION = YES;
				CLANG_WARN_OBJC_IMPLICIT_RETAIN_SELF = YES;
				CLANG_WARN_OBJC_LITERAL_CONVERSION = YES;
				CLANG_WARN_OBJC_ROOT_CLASS = YES_ERROR;
				CLANG_WARN_RANGE_LOOP_ANALYSIS = YES;
				CLANG_WARN_STRICT_PROTOTYPES = YES;
				CLANG_WARN_SUSPICIOUS_MOVE = YES;
				CLANG_WARN_UNGUARDED_AVAILABILITY = YES_AGGRESSIVE;
				CLANG_WARN_UNREACHABLE_CODE = YES;
				CLANG_WARN__DUPLICATE_METHOD_MATCH = YES;
				CODE_SIGN_IDENTITY = "iPhone Developer";
				COPY_PHASE_STRIP = NO;
				DEBUG_INFORMATION_FORMAT = "dwarf-with-dsym";
				ENABLE_NS_ASSERTIONS = NO;
				ENABLE_STRICT_OBJC_MSGSEND = YES;
				GCC_C_LANGUAGE_STANDARD = gnu11;
				GCC_NO_COMMON_BLOCKS = YES;
				GCC_WARN_64_TO_32_BIT_CONVERSION = YES;
				GCC_WARN_ABOUT_RETURN_TYPE = YES_ERROR;
				GCC_WARN_UNDECLARED_SELECTOR = YES;
				GCC_WARN_UNINITIALIZED_AUTOS = YES_AGGRESSIVE;
				GCC_WARN_UNUSED_FUNCTION = YES;
				GCC_WARN_UNUSED_VARIABLE = YES;
				IPHONEOS_DEPLOYMENT_TARGET = 12.1;
				MTL_ENABLE_DEBUG_INFO = NO;
				MTL_FAST_MATH = YES;
				SDKROOT = iphoneos;
				SWIFT_COMPILATION_MODE = wholemodule;
				SWIFT_OPTIMIZATION_LEVEL = "-O";
				VALIDATE_PRODUCT = YES;
			};
			name = Release;
		};
		02378204223C5127004613E0 /* Debug */ = {
			isa = XCBuildConfiguration;
			baseConfigurationReference = 94939CDAE760A20895393694 /* Pods-AutoLayoutWihtSnapkit.debug.xcconfig */;
			buildSettings = {
				ASSETCATALOG_COMPILER_APPICON_NAME = AppIcon;
				CODE_SIGN_STYLE = Automatic;
				DEVELOPMENT_TEAM = 3PHP3XA64F;
				INFOPLIST_FILE = AutoLayoutWihtSnapkit/Info.plist;
				LD_RUNPATH_SEARCH_PATHS = (
					"$(inherited)",
					"@executable_path/Frameworks",
				);
				PRODUCT_BUNDLE_IDENTIFIER = devwithlove.AutoLayoutWihtSnapkit;
				PRODUCT_NAME = "$(TARGET_NAME)";
				SWIFT_VERSION = 4.2;
				TARGETED_DEVICE_FAMILY = "1,2";
			};
			name = Debug;
		};
		02378205223C5127004613E0 /* Release */ = {
			isa = XCBuildConfiguration;
			baseConfigurationReference = 2F20F7119DB853AB9B36EB67 /* Pods-AutoLayoutWihtSnapkit.release.xcconfig */;
			buildSettings = {
				ASSETCATALOG_COMPILER_APPICON_NAME = AppIcon;
				CODE_SIGN_STYLE = Automatic;
				DEVELOPMENT_TEAM = 3PHP3XA64F;
				INFOPLIST_FILE = AutoLayoutWihtSnapkit/Info.plist;
				LD_RUNPATH_SEARCH_PATHS = (
					"$(inherited)",
					"@executable_path/Frameworks",
				);
				PRODUCT_BUNDLE_IDENTIFIER = devwithlove.AutoLayoutWihtSnapkit;
				PRODUCT_NAME = "$(TARGET_NAME)";
				SWIFT_VERSION = 4.2;
				TARGETED_DEVICE_FAMILY = "1,2";
			};
			name = Release;
		};
		02378207223C5127004613E0 /* Debug */ = {
			isa = XCBuildConfiguration;
			baseConfigurationReference = 17189739B39454A842BDEAF5 /* Pods-AutoLayoutWihtSnapkitTests.debug.xcconfig */;
			buildSettings = {
				ALWAYS_EMBED_SWIFT_STANDARD_LIBRARIES = YES;
				BUNDLE_LOADER = "$(TEST_HOST)";
				CODE_SIGN_STYLE = Automatic;
				INFOPLIST_FILE = AutoLayoutWihtSnapkitTests/Info.plist;
				LD_RUNPATH_SEARCH_PATHS = (
					"$(inherited)",
					"@executable_path/Frameworks",
					"@loader_path/Frameworks",
				);
				PRODUCT_BUNDLE_IDENTIFIER = devwithlove.AutoLayoutWihtSnapkitTests;
				PRODUCT_NAME = "$(TARGET_NAME)";
				SWIFT_VERSION = 4.2;
				TARGETED_DEVICE_FAMILY = "1,2";
				TEST_HOST = "$(BUILT_PRODUCTS_DIR)/AutoLayoutWihtSnapkit.app/AutoLayoutWihtSnapkit";
			};
			name = Debug;
		};
		02378208223C5127004613E0 /* Release */ = {
			isa = XCBuildConfiguration;
			baseConfigurationReference = D3301D9688121653AD5F1938 /* Pods-AutoLayoutWihtSnapkitTests.release.xcconfig */;
			buildSettings = {
				ALWAYS_EMBED_SWIFT_STANDARD_LIBRARIES = YES;
				BUNDLE_LOADER = "$(TEST_HOST)";
				CODE_SIGN_STYLE = Automatic;
				INFOPLIST_FILE = AutoLayoutWihtSnapkitTests/Info.plist;
				LD_RUNPATH_SEARCH_PATHS = (
					"$(inherited)",
					"@executable_path/Frameworks",
					"@loader_path/Frameworks",
				);
				PRODUCT_BUNDLE_IDENTIFIER = devwithlove.AutoLayoutWihtSnapkitTests;
				PRODUCT_NAME = "$(TARGET_NAME)";
				SWIFT_VERSION = 4.2;
				TARGETED_DEVICE_FAMILY = "1,2";
				TEST_HOST = "$(BUILT_PRODUCTS_DIR)/AutoLayoutWihtSnapkit.app/AutoLayoutWihtSnapkit";
			};
			name = Release;
		};
/* End XCBuildConfiguration section */

/* Begin XCConfigurationList section */
		02046A17223CC5240069F4EB /* Build configuration list for PBXNativeTarget "AutoLayoutWihtSnapkitTestsUI" */ = {
			isa = XCConfigurationList;
			buildConfigurations = (
				02046A15223CC5240069F4EB /* Debug */,
				02046A16223CC5240069F4EB /* Release */,
			);
			defaultConfigurationIsVisible = 0;
			defaultConfigurationName = Release;
		};
		023781D6223C5126004613E0 /* Build configuration list for PBXProject "AutoLayoutWihtSnapkit" */ = {
			isa = XCConfigurationList;
			buildConfigurations = (
				02378201223C5127004613E0 /* Debug */,
				02378202223C5127004613E0 /* Release */,
			);
			defaultConfigurationIsVisible = 0;
			defaultConfigurationName = Release;
		};
		02378203223C5127004613E0 /* Build configuration list for PBXNativeTarget "AutoLayoutWihtSnapkit" */ = {
			isa = XCConfigurationList;
			buildConfigurations = (
				02378204223C5127004613E0 /* Debug */,
				02378205223C5127004613E0 /* Release */,
			);
			defaultConfigurationIsVisible = 0;
			defaultConfigurationName = Release;
		};
		02378206223C5127004613E0 /* Build configuration list for PBXNativeTarget "AutoLayoutWihtSnapkitTests" */ = {
			isa = XCConfigurationList;
			buildConfigurations = (
				02378207223C5127004613E0 /* Debug */,
				02378208223C5127004613E0 /* Release */,
			);
			defaultConfigurationIsVisible = 0;
			defaultConfigurationName = Release;
		};
/* End XCConfigurationList section */
	};
	rootObject = 023781D3223C5126004613E0 /* Project object */;
}
