// !$*UTF8*$!
{
	archiveVersion = 1;
	classes = {
	};
	objectVersion = 50;
	objects = {

/* Begin PBXBuildFile section */
		023781DF223C5126004613E0 /* AppDelegate.swift in Sources */ = {isa = PBXBuildFile; fileRef = 023781DE223C5126004613E0 /* AppDelegate.swift */; };
		023781E1223C5126004613E0 /* ViewController.swift in Sources */ = {isa = PBXBuildFile; fileRef = 023781E0223C5126004613E0 /* ViewController.swift */; };
		023781E4223C5126004613E0 /* Main.storyboard in Resources */ = {isa = PBXBuildFile; fileRef = 023781E2223C5126004613E0 /* Main.storyboard */; };
		023781E6223C5127004613E0 /* Assets.xcassets in Resources */ = {isa = PBXBuildFile; fileRef = 023781E5223C5127004613E0 /* Assets.xcassets */; };
		023781E9223C5127004613E0 /* LaunchScreen.storyboard in Resources */ = {isa = PBXBuildFile; fileRef = 023781E7223C5127004613E0 /* LaunchScreen.storyboard */; };
		023781F4223C5127004613E0 /* AutoLayoutWihtSnapkitTests.swift in Sources */ = {isa = PBXBuildFile; fileRef = 023781F3223C5127004613E0 /* AutoLayoutWihtSnapkitTests.swift */; };
		023781FF223C5127004613E0 /* AutoLayoutWihtSnapkitUITests.swift in Sources */ = {isa = PBXBuildFile; fileRef = 023781FE223C5127004613E0 /* AutoLayoutWihtSnapkitUITests.swift */; };
/* End PBXBuildFile section */

/* Begin PBXContainerItemProxy section */
		023781F0223C5127004613E0 /* PBXContainerItemProxy */ = {
			isa = PBXContainerItemProxy;
			containerPortal = 023781D3223C5126004613E0 /* Project object */;
			proxyType = 1;
			remoteGlobalIDString = 023781DA223C5126004613E0;
			remoteInfo = AutoLayoutWihtSnapkit;
		};
		023781FB223C5127004613E0 /* PBXContainerItemProxy */ = {
			isa = PBXContainerItemProxy;
			containerPortal = 023781D3223C5126004613E0 /* Project object */;
			proxyType = 1;
			remoteGlobalIDString = 023781DA223C5126004613E0;
			remoteInfo = AutoLayoutWihtSnapkit;
		};
/* End PBXContainerItemProxy section */

/* Begin PBXFileReference section */
		023781DB223C5126004613E0 /* AutoLayoutWihtSnapkit.app */ = {isa = PBXFileReference; explicitFileType = wrapper.application; includeInIndex = 0; path = AutoLayoutWihtSnapkit.app; sourceTree = BUILT_PRODUCTS_DIR; };
		023781DE223C5126004613E0 /* AppDelegate.swift */ = {isa = PBXFileReference; lastKnownFileType = sourcecode.swift; path = AppDelegate.swift; sourceTree = "<group>"; };
		023781E0223C5126004613E0 /* ViewController.swift */ = {isa = PBXFileReference; lastKnownFileType = sourcecode.swift; path = ViewController.swift; sourceTree = "<group>"; };
		023781E3223C5126004613E0 /* Base */ = {isa = PBXFileReference; lastKnownFileType = file.storyboard; name = Base; path = Base.lproj/Main.storyboard; sourceTree = "<group>"; };
		023781E5223C5127004613E0 /* Assets.xcassets */ = {isa = PBXFileReference; lastKnownFileType = folder.assetcatalog; path = Assets.xcassets; sourceTree = "<group>"; };
		023781E8223C5127004613E0 /* Base */ = {isa = PBXFileReference; lastKnownFileType = file.storyboard; name = Base; path = Base.lproj/LaunchScreen.storyboard; sourceTree = "<group>"; };
		023781EA223C5127004613E0 /* Info.plist */ = {isa = PBXFileReference; lastKnownFileType = text.plist.xml; path = Info.plist; sourceTree = "<group>"; };
		023781EF223C5127004613E0 /* AutoLayoutWihtSnapkitTests.xctest */ = {isa = PBXFileReference; explicitFileType = wrapper.cfbundle; includeInIndex = 0; path = AutoLayoutWihtSnapkitTests.xctest; sourceTree = BUILT_PRODUCTS_DIR; };
		023781F3223C5127004613E0 /* AutoLayoutWihtSnapkitTests.swift */ = {isa = PBXFileReference; lastKnownFileType = sourcecode.swift; path = AutoLayoutWihtSnapkitTests.swift; sourceTree = "<group>"; };
		023781F5223C5127004613E0 /* Info.plist */ = {isa = PBXFileReference; lastKnownFileType = text.plist.xml; path = Info.plist; sourceTree = "<group>"; };
		023781FA223C5127004613E0 /* AutoLayoutWihtSnapkitUITests.xctest */ = {isa = PBXFileReference; explicitFileType = wrapper.cfbundle; includeInIndex = 0; path = AutoLayoutWihtSnapkitUITests.xctest; sourceTree = BUILT_PRODUCTS_DIR; };
		023781FE223C5127004613E0 /* AutoLayoutWihtSnapkitUITests.swift */ = {isa = PBXFileReference; lastKnownFileType = sourcecode.swift; path = AutoLayoutWihtSnapkitUITests.swift; sourceTree = "<group>"; };
		02378200223C5127004613E0 /* Info.plist */ = {isa = PBXFileReference; lastKnownFileType = text.plist.xml; path = Info.plist; sourceTree = "<group>"; };
/* End PBXFileReference section */

/* Begin PBXFrameworksBuildPhase section */
		023781D8223C5126004613E0 /* Frameworks */ = {
			isa = PBXFrameworksBuildPhase;
			buildActionMask = 2147483647;
			files = (
			);
			runOnlyForDeploymentPostprocessing = 0;
		};
		023781EC223C5127004613E0 /* Frameworks */ = {
			isa = PBXFrameworksBuildPhase;
			buildActionMask = 2147483647;
			files = (
			);
			runOnlyForDeploymentPostprocessing = 0;
		};
		023781F7223C5127004613E0 /* Frameworks */ = {
			isa = PBXFrameworksBuildPhase;
			buildActionMask = 2147483647;
			files = (
			);
			runOnlyForDeploymentPostprocessing = 0;
		};
/* End PBXFrameworksBuildPhase section */

/* Begin PBXGroup section */
		023781D2223C5126004613E0 = {
			isa = PBXGroup;
			children = (
				023781DD223C5126004613E0 /* AutoLayoutWihtSnapkit */,
				023781F2223C5127004613E0 /* AutoLayoutWihtSnapkitTests */,
				023781FD223C5127004613E0 /* AutoLayoutWihtSnapkitUITests */,
				023781DC223C5126004613E0 /* Products */,
			);
			sourceTree = "<group>";
		};
		023781DC223C5126004613E0 /* Products */ = {
			isa = PBXGroup;
			children = (
				023781DB223C5126004613E0 /* AutoLayoutWihtSnapkit.app */,
				023781EF223C5127004613E0 /* AutoLayoutWihtSnapkitTests.xctest */,
				023781FA223C5127004613E0 /* AutoLayoutWihtSnapkitUITests.xctest */,
			);
			name = Products;
			sourceTree = "<group>";
		};
		023781DD223C5126004613E0 /* AutoLayoutWihtSnapkit */ = {
			isa = PBXGroup;
			children = (
				023781DE223C5126004613E0 /* AppDelegate.swift */,
				023781E0223C5126004613E0 /* ViewController.swift */,
				023781E2223C5126004613E0 /* Main.storyboard */,
				023781E5223C5127004613E0 /* Assets.xcassets */,
				023781E7223C5127004613E0 /* LaunchScreen.storyboard */,
				023781EA223C5127004613E0 /* Info.plist */,
			);
			path = AutoLayoutWihtSnapkit;
			sourceTree = "<group>";
		};
		023781F2223C5127004613E0 /* AutoLayoutWihtSnapkitTests */ = {
			isa = PBXGroup;
			children = (
				023781F3223C5127004613E0 /* AutoLayoutWihtSnapkitTests.swift */,
				023781F5223C5127004613E0 /* Info.plist */,
			);
			path = AutoLayoutWihtSnapkitTests;
			sourceTree = "<group>";
		};
		023781FD223C5127004613E0 /* AutoLayoutWihtSnapkitUITests */ = {
			isa = PBXGroup;
			children = (
				023781FE223C5127004613E0 /* AutoLayoutWihtSnapkitUITests.swift */,
				02378200223C5127004613E0 /* Info.plist */,
			);
			path = AutoLayoutWihtSnapkitUITests;
			sourceTree = "<group>";
		};
/* End PBXGroup section */

/* Begin PBXNativeTarget section */
		023781DA223C5126004613E0 /* AutoLayoutWihtSnapkit */ = {
			isa = PBXNativeTarget;
			buildConfigurationList = 02378203223C5127004613E0 /* Build configuration list for PBXNativeTarget "AutoLayoutWihtSnapkit" */;
			buildPhases = (
				023781D7223C5126004613E0 /* Sources */,
				023781D8223C5126004613E0 /* Frameworks */,
				023781D9223C5126004613E0 /* Resources */,
			);
			buildRules = (
			);
			dependencies = (
			);
			name = AutoLayoutWihtSnapkit;
			productName = AutoLayoutWihtSnapkit;
			productReference = 023781DB223C5126004613E0 /* AutoLayoutWihtSnapkit.app */;
			productType = "com.apple.product-type.application";
		};
		023781EE223C5127004613E0 /* AutoLayoutWihtSnapkitTests */ = {
			isa = PBXNativeTarget;
			buildConfigurationList = 02378206223C5127004613E0 /* Build configuration list for PBXNativeTarget "AutoLayoutWihtSnapkitTests" */;
			buildPhases = (
				023781EB223C5127004613E0 /* Sources */,
				023781EC223C5127004613E0 /* Frameworks */,
				023781ED223C5127004613E0 /* Resources */,
			);
			buildRules = (
			);
			dependencies = (
				023781F1223C5127004613E0 /* PBXTargetDependency */,
			);
			name = AutoLayoutWihtSnapkitTests;
			productName = AutoLayoutWihtSnapkitTests;
			productReference = 023781EF223C5127004613E0 /* AutoLayoutWihtSnapkitTests.xctest */;
			productType = "com.apple.product-type.bundle.unit-test";
		};
		023781F9223C5127004613E0 /* AutoLayoutWihtSnapkitUITests */ = {
			isa = PBXNativeTarget;
			buildConfigurationList = 02378209223C5127004613E0 /* Build configuration list for PBXNativeTarget "AutoLayoutWihtSnapkitUITests" */;
			buildPhases = (
				023781F6223C5127004613E0 /* Sources */,
				023781F7223C5127004613E0 /* Frameworks */,
				023781F8223C5127004613E0 /* Resources */,
			);
			buildRules = (
			);
			dependencies = (
				023781FC223C5127004613E0 /* PBXTargetDependency */,
			);
			name = AutoLayoutWihtSnapkitUITests;
			productName = AutoLayoutWihtSnapkitUITests;
			productReference = 023781FA223C5127004613E0 /* AutoLayoutWihtSnapkitUITests.xctest */;
			productType = "com.apple.product-type.bundle.ui-testing";
		};
/* End PBXNativeTarget section */

/* Begin PBXProject section */
		023781D3223C5126004613E0 /* Project object */ = {
			isa = PBXProject;
			attributes = {
				LastSwiftUpdateCheck = 1010;
				LastUpgradeCheck = 1010;
				ORGANIZATIONNAME = "Tony Mu";
				TargetAttributes = {
					023781DA223C5126004613E0 = {
						CreatedOnToolsVersion = 10.1;
					};
					023781EE223C5127004613E0 = {
						CreatedOnToolsVersion = 10.1;
						TestTargetID = 023781DA223C5126004613E0;
					};
					023781F9223C5127004613E0 = {
						CreatedOnToolsVersion = 10.1;
						TestTargetID = 023781DA223C5126004613E0;
					};
				};
			};
			buildConfigurationList = 023781D6223C5126004613E0 /* Build configuration list for PBXProject "AutoLayoutWihtSnapkit" */;
			compatibilityVersion = "Xcode 9.3";
			developmentRegion = en;
			hasScannedForEncodings = 0;
			knownRegions = (
				en,
				Base,
			);
			mainGroup = 023781D2223C5126004613E0;
			productRefGroup = 023781DC223C5126004613E0 /* Products */;
			projectDirPath = "";
			projectRoot = "";
			targets = (
				023781DA223C5126004613E0 /* AutoLayoutWihtSnapkit */,
				023781EE223C5127004613E0 /* AutoLayoutWihtSnapkitTests */,
				023781F9223C5127004613E0 /* AutoLayoutWihtSnapkitUITests */,
			);
		};
/* End PBXProject section */

/* Begin PBXResourcesBuildPhase section */
		023781D9223C5126004613E0 /* Resources */ = {
			isa = PBXResourcesBuildPhase;
			buildActionMask = 2147483647;
			files = (
				023781E9223C5127004613E0 /* LaunchScreen.storyboard in Resources */,
				023781E6223C5127004613E0 /* Assets.xcassets in Resources */,
				023781E4223C5126004613E0 /* Main.storyboard in Resources */,
			);
			runOnlyForDeploymentPostprocessing = 0;
		};
		023781ED223C5127004613E0 /* Resources */ = {
			isa = PBXResourcesBuildPhase;
			buildActionMask = 2147483647;
			files = (
			);
			runOnlyForDeploymentPostprocessing = 0;
		};
		023781F8223C5127004613E0 /* Resources */ = {
			isa = PBXResourcesBuildPhase;
			buildActionMask = 2147483647;
			files = (
			);
			runOnlyForDeploymentPostprocessing = 0;
		};
/* End PBXResourcesBuildPhase section */

/* Begin PBXSourcesBuildPhase section */
		023781D7223C5126004613E0 /* Sources */ = {
			isa = PBXSourcesBuildPhase;
			buildActionMask = 2147483647;
			files = (
				023781E1223C5126004613E0 /* ViewController.swift in Sources */,
				023781DF223C5126004613E0 /* AppDelegate.swift in Sources */,
			);
			runOnlyForDeploymentPostprocessing = 0;
		};
		023781EB223C5127004613E0 /* Sources */ = {
			isa = PBXSourcesBuildPhase;
			buildActionMask = 2147483647;
			files = (
				023781F4223C5127004613E0 /* AutoLayoutWihtSnapkitTests.swift in Sources */,
			);
			runOnlyForDeploymentPostprocessing = 0;
		};
		023781F6223C5127004613E0 /* Sources */ = {
			isa = PBXSourcesBuildPhase;
			buildActionMask = 2147483647;
			files = (
				023781FF223C5127004613E0 /* AutoLayoutWihtSnapkitUITests.swift in Sources */,
			);
			runOnlyForDeploymentPostprocessing = 0;
		};
/* End PBXSourcesBuildPhase section */

/* Begin PBXTargetDependency section */
		023781F1223C5127004613E0 /* PBXTargetDependency */ = {
			isa = PBXTargetDependency;
			target = 023781DA223C5126004613E0 /* AutoLayoutWihtSnapkit */;
			targetProxy = 023781F0223C5127004613E0 /* PBXContainerItemProxy */;
		};
		023781FC223C5127004613E0 /* PBXTargetDependency */ = {
			isa = PBXTargetDependency;
			target = 023781DA223C5126004613E0 /* AutoLayoutWihtSnapkit */;
			targetProxy = 023781FB223C5127004613E0 /* PBXContainerItemProxy */;
		};
/* End PBXTargetDependency section */

/* Begin PBXVariantGroup section */
		023781E2223C5126004613E0 /* Main.storyboard */ = {
			isa = PBXVariantGroup;
			children = (
				023781E3223C5126004613E0 /* Base */,
			);
			name = Main.storyboard;
			sourceTree = "<group>";
		};
		023781E7223C5127004613E0 /* LaunchScreen.storyboard */ = {
			isa = PBXVariantGroup;
			children = (
				023781E8223C5127004613E0 /* Base */,
			);
			name = LaunchScreen.storyboard;
			sourceTree = "<group>";
		};
/* End PBXVariantGroup section */

/* Begin XCBuildConfiguration section */
		02378201223C5127004613E0 /* Debug */ = {
			isa = XCBuildConfiguration;
			buildSettings = {
				ALWAYS_SEARCH_USER_PATHS = NO;
				CLANG_ANALYZER_NONNULL = YES;
				CLANG_ANALYZER_NUMBER_OBJECT_CONVERSION = YES_AGGRESSIVE;
				CLANG_CXX_LANGUAGE_STANDARD = "gnu++14";
				CLANG_CXX_LIBRARY = "libc++";
				CLANG_ENABLE_MODULES = YES;
				CLANG_ENABLE_OBJC_ARC = YES;
				CLANG_ENABLE_OBJC_WEAK = YES;
				CLANG_WARN_BLOCK_CAPTURE_AUTORELEASING = YES;
				CLANG_WARN_BOOL_CONVERSION = YES;
				CLANG_WARN_COMMA = YES;
				CLANG_WARN_CONSTANT_CONVERSION = YES;
				CLANG_WARN_DEPRECATED_OBJC_IMPLEMENTATIONS = YES;
				CLANG_WARN_DIRECT_OBJC_ISA_USAGE = YES_ERROR;
				CLANG_WARN_DOCUMENTATION_COMMENTS = YES;
				CLANG_WARN_EMPTY_BODY = YES;
				CLANG_WARN_ENUM_CONVERSION = YES;
				CLANG_WARN_INFINITE_RECURSION = YES;
				CLANG_WARN_INT_CONVERSION = YES;
				CLANG_WARN_NON_LITERAL_NULL_CONVERSION = YES;
				CLANG_WARN_OBJC_IMPLICIT_RETAIN_SELF = YES;
				CLANG_WARN_OBJC_LITERAL_CONVERSION = YES;
				CLANG_WARN_OBJC_ROOT_CLASS = YES_ERROR;
				CLANG_WARN_RANGE_LOOP_ANALYSIS = YES;
				CLANG_WARN_STRICT_PROTOTYPES = YES;
				CLANG_WARN_SUSPICIOUS_MOVE = YES;
				CLANG_WARN_UNGUARDED_AVAILABILITY = YES_AGGRESSIVE;
				CLANG_WARN_UNREACHABLE_CODE = YES;
				CLANG_WARN__DUPLICATE_METHOD_MATCH = YES;
				CODE_SIGN_IDENTITY = "iPhone Developer";
				COPY_PHASE_STRIP = NO;
				DEBUG_INFORMATION_FORMAT = dwarf;
				ENABLE_STRICT_OBJC_MSGSEND = YES;
				ENABLE_TESTABILITY = YES;
				GCC_C_LANGUAGE_STANDARD = gnu11;
				GCC_DYNAMIC_NO_PIC = NO;
				GCC_NO_COMMON_BLOCKS = YES;
				GCC_OPTIMIZATION_LEVEL = 0;
				GCC_PREPROCESSOR_DEFINITIONS = (
					"DEBUG=1",
					"$(inherited)",
				);
				GCC_WARN_64_TO_32_BIT_CONVERSION = YES;
				GCC_WARN_ABOUT_RETURN_TYPE = YES_ERROR;
				GCC_WARN_UNDECLARED_SELECTOR = YES;
				GCC_WARN_UNINITIALIZED_AUTOS = YES_AGGRESSIVE;
				GCC_WARN_UNUSED_FUNCTION = YES;
				GCC_WARN_UNUSED_VARIABLE = YES;
				IPHONEOS_DEPLOYMENT_TARGET = 12.1;
				MTL_ENABLE_DEBUG_INFO = INCLUDE_SOURCE;
				MTL_FAST_MATH = YES;
				ONLY_ACTIVE_ARCH = YES;
				SDKROOT = iphoneos;
				SWIFT_ACTIVE_COMPILATION_CONDITIONS = DEBUG;
				SWIFT_OPTIMIZATION_LEVEL = "-Onone";
			};
			name = Debug;
		};
		02378202223C5127004613E0 /* Release */ = {
			isa = XCBuildConfiguration;
			buildSettings = {
				ALWAYS_SEARCH_USER_PATHS = NO;
				CLANG_ANALYZER_NONNULL = YES;
				CLANG_ANALYZER_NUMBER_OBJECT_CONVERSION = YES_AGGRESSIVE;
				CLANG_CXX_LANGUAGE_STANDARD = "gnu++14";
				CLANG_CXX_LIBRARY = "libc++";
				CLANG_ENABLE_MODULES = YES;
				CLANG_ENABLE_OBJC_ARC = YES;
				CLANG_ENABLE_OBJC_WEAK = YES;
				CLANG_WARN_BLOCK_CAPTURE_AUTORELEASING = YES;
				CLANG_WARN_BOOL_CONVERSION = YES;
				CLANG_WARN_COMMA = YES;
				CLANG_WARN_CONSTANT_CONVERSION = YES;
				CLANG_WARN_DEPRECATED_OBJC_IMPLEMENTATIONS = YES;
				CLANG_WARN_DIRECT_OBJC_ISA_USAGE = YES_ERROR;
				CLANG_WARN_DOCUMENTATION_COMMENTS = YES;
				CLANG_WARN_EMPTY_BODY = YES;
				CLANG_WARN_ENUM_CONVERSION = YES;
				CLANG_WARN_INFINITE_RECURSION = YES;
				CLANG_WARN_INT_CONVERSION = YES;
				CLANG_WARN_NON_LITERAL_NULL_CONVERSION = YES;
				CLANG_WARN_OBJC_IMPLICIT_RETAIN_SELF = YES;
				CLANG_WARN_OBJC_LITERAL_CONVERSION = YES;
				CLANG_WARN_OBJC_ROOT_CLASS = YES_ERROR;
				CLANG_WARN_RANGE_LOOP_ANALYSIS = YES;
				CLANG_WARN_STRICT_PROTOTYPES = YES;
				CLANG_WARN_SUSPICIOUS_MOVE = YES;
				CLANG_WARN_UNGUARDED_AVAILABILITY = YES_AGGRESSIVE;
				CLANG_WARN_UNREACHABLE_CODE = YES;
				CLANG_WARN__DUPLICATE_METHOD_MATCH = YES;
				CODE_SIGN_IDENTITY = "iPhone Developer";
				COPY_PHASE_STRIP = NO;
				DEBUG_INFORMATION_FORMAT = "dwarf-with-dsym";
				ENABLE_NS_ASSERTIONS = NO;
				ENABLE_STRICT_OBJC_MSGSEND = YES;
				GCC_C_LANGUAGE_STANDARD = gnu11;
				GCC_NO_COMMON_BLOCKS = YES;
				GCC_WARN_64_TO_32_BIT_CONVERSION = YES;
				GCC_WARN_ABOUT_RETURN_TYPE = YES_ERROR;
				GCC_WARN_UNDECLARED_SELECTOR = YES;
				GCC_WARN_UNINITIALIZED_AUTOS = YES_AGGRESSIVE;
				GCC_WARN_UNUSED_FUNCTION = YES;
				GCC_WARN_UNUSED_VARIABLE = YES;
				IPHONEOS_DEPLOYMENT_TARGET = 12.1;
				MTL_ENABLE_DEBUG_INFO = NO;
				MTL_FAST_MATH = YES;
				SDKROOT = iphoneos;
				SWIFT_COMPILATION_MODE = wholemodule;
				SWIFT_OPTIMIZATION_LEVEL = "-O";
				VALIDATE_PRODUCT = YES;
			};
			name = Release;
		};
		02378204223C5127004613E0 /* Debug */ = {
			isa = XCBuildConfiguration;
			buildSettings = {
				ASSETCATALOG_COMPILER_APPICON_NAME = AppIcon;
				CODE_SIGN_STYLE = Automatic;
				INFOPLIST_FILE = AutoLayoutWihtSnapkit/Info.plist;
				LD_RUNPATH_SEARCH_PATHS = (
					"$(inherited)",
					"@executable_path/Frameworks",
				);
				PRODUCT_BUNDLE_IDENTIFIER = devwithlove.AutoLayoutWihtSnapkit;
				PRODUCT_NAME = "$(TARGET_NAME)";
				SWIFT_VERSION = 4.2;
				TARGETED_DEVICE_FAMILY = "1,2";
			};
			name = Debug;
		};
		02378205223C5127004613E0 /* Release */ = {
			isa = XCBuildConfiguration;
			buildSettings = {
				ASSETCATALOG_COMPILER_APPICON_NAME = AppIcon;
				CODE_SIGN_STYLE = Automatic;
				INFOPLIST_FILE = AutoLayoutWihtSnapkit/Info.plist;
				LD_RUNPATH_SEARCH_PATHS = (
					"$(inherited)",
					"@executable_path/Frameworks",
				);
				PRODUCT_BUNDLE_IDENTIFIER = devwithlove.AutoLayoutWihtSnapkit;
				PRODUCT_NAME = "$(TARGET_NAME)";
				SWIFT_VERSION = 4.2;
				TARGETED_DEVICE_FAMILY = "1,2";
			};
			name = Release;
		};
		02378207223C5127004613E0 /* Debug */ = {
			isa = XCBuildConfiguration;
			buildSettings = {
				ALWAYS_EMBED_SWIFT_STANDARD_LIBRARIES = YES;
				BUNDLE_LOADER = "$(TEST_HOST)";
				CODE_SIGN_STYLE = Automatic;
				INFOPLIST_FILE = AutoLayoutWihtSnapkitTests/Info.plist;
				LD_RUNPATH_SEARCH_PATHS = (
					"$(inherited)",
					"@executable_path/Frameworks",
					"@loader_path/Frameworks",
				);
				PRODUCT_BUNDLE_IDENTIFIER = devwithlove.AutoLayoutWihtSnapkitTests;
				PRODUCT_NAME = "$(TARGET_NAME)";
				SWIFT_VERSION = 4.2;
				TARGETED_DEVICE_FAMILY = "1,2";
				TEST_HOST = "$(BUILT_PRODUCTS_DIR)/AutoLayoutWihtSnapkit.app/AutoLayoutWihtSnapkit";
			};
			name = Debug;
		};
		02378208223C5127004613E0 /* Release */ = {
			isa = XCBuildConfiguration;
			buildSettings = {
				ALWAYS_EMBED_SWIFT_STANDARD_LIBRARIES = YES;
				BUNDLE_LOADER = "$(TEST_HOST)";
				CODE_SIGN_STYLE = Automatic;
				INFOPLIST_FILE = AutoLayoutWihtSnapkitTests/Info.plist;
				LD_RUNPATH_SEARCH_PATHS = (
					"$(inherited)",
					"@executable_path/Frameworks",
					"@loader_path/Frameworks",
				);
				PRODUCT_BUNDLE_IDENTIFIER = devwithlove.AutoLayoutWihtSnapkitTests;
				PRODUCT_NAME = "$(TARGET_NAME)";
				SWIFT_VERSION = 4.2;
				TARGETED_DEVICE_FAMILY = "1,2";
				TEST_HOST = "$(BUILT_PRODUCTS_DIR)/AutoLayoutWihtSnapkit.app/AutoLayoutWihtSnapkit";
			};
			name = Release;
		};
		0237820A223C5127004613E0 /* Debug */ = {
			isa = XCBuildConfiguration;
			buildSettings = {
				ALWAYS_EMBED_SWIFT_STANDARD_LIBRARIES = YES;
				CODE_SIGN_STYLE = Automatic;
				INFOPLIST_FILE = AutoLayoutWihtSnapkitUITests/Info.plist;
				LD_RUNPATH_SEARCH_PATHS = (
					"$(inherited)",
					"@executable_path/Frameworks",
					"@loader_path/Frameworks",
				);
				PRODUCT_BUNDLE_IDENTIFIER = devwithlove.AutoLayoutWihtSnapkitUITests;
				PRODUCT_NAME = "$(TARGET_NAME)";
				SWIFT_VERSION = 4.2;
				TARGETED_DEVICE_FAMILY = "1,2";
				TEST_TARGET_NAME = AutoLayoutWihtSnapkit;
			};
			name = Debug;
		};
		0237820B223C5127004613E0 /* Release */ = {
			isa = XCBuildConfiguration;
			buildSettings = {
				ALWAYS_EMBED_SWIFT_STANDARD_LIBRARIES = YES;
				CODE_SIGN_STYLE = Automatic;
				INFOPLIST_FILE = AutoLayoutWihtSnapkitUITests/Info.plist;
				LD_RUNPATH_SEARCH_PATHS = (
					"$(inherited)",
					"@executable_path/Frameworks",
					"@loader_path/Frameworks",
				);
				PRODUCT_BUNDLE_IDENTIFIER = devwithlove.AutoLayoutWihtSnapkitUITests;
				PRODUCT_NAME = "$(TARGET_NAME)";
				SWIFT_VERSION = 4.2;
				TARGETED_DEVICE_FAMILY = "1,2";
				TEST_TARGET_NAME = AutoLayoutWihtSnapkit;
			};
			name = Release;
		};
/* End XCBuildConfiguration section */

/* Begin XCConfigurationList section */
		023781D6223C5126004613E0 /* Build configuration list for PBXProject "AutoLayoutWihtSnapkit" */ = {
			isa = XCConfigurationList;
			buildConfigurations = (
				02378201223C5127004613E0 /* Debug */,
				02378202223C5127004613E0 /* Release */,
			);
			defaultConfigurationIsVisible = 0;
			defaultConfigurationName = Release;
		};
		02378203223C5127004613E0 /* Build configuration list for PBXNativeTarget "AutoLayoutWihtSnapkit" */ = {
			isa = XCConfigurationList;
			buildConfigurations = (
				02378204223C5127004613E0 /* Debug */,
				02378205223C5127004613E0 /* Release */,
			);
			defaultConfigurationIsVisible = 0;
			defaultConfigurationName = Release;
		};
		02378206223C5127004613E0 /* Build configuration list for PBXNativeTarget "AutoLayoutWihtSnapkitTests" */ = {
			isa = XCConfigurationList;
			buildConfigurations = (
				02378207223C5127004613E0 /* Debug */,
				02378208223C5127004613E0 /* Release */,
			);
			defaultConfigurationIsVisible = 0;
			defaultConfigurationName = Release;
		};
		02378209223C5127004613E0 /* Build configuration list for PBXNativeTarget "AutoLayoutWihtSnapkitUITests" */ = {
			isa = XCConfigurationList;
			buildConfigurations = (
				0237820A223C5127004613E0 /* Debug */,
				0237820B223C5127004613E0 /* Release */,
			);
			defaultConfigurationIsVisible = 0;
			defaultConfigurationName = Release;
		};
/* End XCConfigurationList section */
	};
	rootObject = 023781D3223C5126004613E0 /* Project object */;
}
